// !$*UTF8*$!
{
	archiveVersion = 1;
	classes = {
	};
	objectVersion = 50;
	objects = {

/* Begin PBXBuildFile section */
		6819D5A2A716D161353781CC /* Pods_DailyFace.framework in Frameworks */ = {isa = PBXBuildFile; fileRef = A8DE616BBA530799E28C8B4C /* Pods_DailyFace.framework */; };
		AE0BBFDB21E5248E0065F72A /* AppDelegate.swift in Sources */ = {isa = PBXBuildFile; fileRef = AE0BBFDA21E5248E0065F72A /* AppDelegate.swift */; };
		AE0BBFDD21E5248E0065F72A /* ViewController.swift in Sources */ = {isa = PBXBuildFile; fileRef = AE0BBFDC21E5248E0065F72A /* ViewController.swift */; };
		AE0BBFE021E5248E0065F72A /* Main.storyboard in Resources */ = {isa = PBXBuildFile; fileRef = AE0BBFDE21E5248E0065F72A /* Main.storyboard */; };
		AE0BBFE221E5248F0065F72A /* Assets.xcassets in Resources */ = {isa = PBXBuildFile; fileRef = AE0BBFE121E5248F0065F72A /* Assets.xcassets */; };
		AE0BBFE521E5248F0065F72A /* LaunchScreen.storyboard in Resources */ = {isa = PBXBuildFile; fileRef = AE0BBFE321E5248F0065F72A /* LaunchScreen.storyboard */; };
		AE13044921E536D70024B2A1 /* ContentViewController.swift in Sources */ = {isa = PBXBuildFile; fileRef = AE13044821E536D70024B2A1 /* ContentViewController.swift */; };
		AE13044D21E55DD20024B2A1 /* FileService.swift in Sources */ = {isa = PBXBuildFile; fileRef = AE13044C21E55DD20024B2A1 /* FileService.swift */; };
		AE13044F21E565010024B2A1 /* ImagesViewController.swift in Sources */ = {isa = PBXBuildFile; fileRef = AE13044E21E565010024B2A1 /* ImagesViewController.swift */; };
		AE13045221E5971F0024B2A1 /* ImageCell.swift in Sources */ = {isa = PBXBuildFile; fileRef = AE13045121E5971F0024B2A1 /* ImageCell.swift */; };
		AE13045421E682F40024B2A1 /* VideoService.swift in Sources */ = {isa = PBXBuildFile; fileRef = AE13045321E682F40024B2A1 /* VideoService.swift */; };
		AE13045621E7C4080024B2A1 /* VideoGenerator.swift in Sources */ = {isa = PBXBuildFile; fileRef = AE13045521E7C4080024B2A1 /* VideoGenerator.swift */; };
		AE13045921E7C8E40024B2A1 /* Scale+UIImage.swift in Sources */ = {isa = PBXBuildFile; fileRef = AE13045821E7C8E40024B2A1 /* Scale+UIImage.swift */; };
		AE13045C21E91F170024B2A1 /* ContentViewCell.swift in Sources */ = {isa = PBXBuildFile; fileRef = AE13045B21E91F170024B2A1 /* ContentViewCell.swift */; };
		AE13045E21E921E40024B2A1 /* ContentPagerView.swift in Sources */ = {isa = PBXBuildFile; fileRef = AE13045D21E921E40024B2A1 /* ContentPagerView.swift */; };
		AE2B592221EAA13F00BA4203 /* DateHelper.swift in Sources */ = {isa = PBXBuildFile; fileRef = AE2B592121EAA13F00BA4203 /* DateHelper.swift */; };
/* End PBXBuildFile section */

/* Begin PBXFileReference section */
		70DC1424B13BBF05846505D0 /* Pods-DailyFace.release.xcconfig */ = {isa = PBXFileReference; includeInIndex = 1; lastKnownFileType = text.xcconfig; name = "Pods-DailyFace.release.xcconfig"; path = "Pods/Target Support Files/Pods-DailyFace/Pods-DailyFace.release.xcconfig"; sourceTree = "<group>"; };
		A8DE616BBA530799E28C8B4C /* Pods_DailyFace.framework */ = {isa = PBXFileReference; explicitFileType = wrapper.framework; includeInIndex = 0; path = Pods_DailyFace.framework; sourceTree = BUILT_PRODUCTS_DIR; };
		AE0BBFD721E5248E0065F72A /* DailyFace.app */ = {isa = PBXFileReference; explicitFileType = wrapper.application; includeInIndex = 0; path = DailyFace.app; sourceTree = BUILT_PRODUCTS_DIR; };
		AE0BBFDA21E5248E0065F72A /* AppDelegate.swift */ = {isa = PBXFileReference; lastKnownFileType = sourcecode.swift; path = AppDelegate.swift; sourceTree = "<group>"; };
		AE0BBFDC21E5248E0065F72A /* ViewController.swift */ = {isa = PBXFileReference; lastKnownFileType = sourcecode.swift; path = ViewController.swift; sourceTree = "<group>"; };
		AE0BBFDF21E5248E0065F72A /* Base */ = {isa = PBXFileReference; lastKnownFileType = file.storyboard; name = Base; path = Base.lproj/Main.storyboard; sourceTree = "<group>"; };
		AE0BBFE121E5248F0065F72A /* Assets.xcassets */ = {isa = PBXFileReference; lastKnownFileType = folder.assetcatalog; path = Assets.xcassets; sourceTree = "<group>"; };
		AE0BBFE421E5248F0065F72A /* Base */ = {isa = PBXFileReference; lastKnownFileType = file.storyboard; name = Base; path = Base.lproj/LaunchScreen.storyboard; sourceTree = "<group>"; };
		AE0BBFE621E5248F0065F72A /* Info.plist */ = {isa = PBXFileReference; lastKnownFileType = text.plist.xml; path = Info.plist; sourceTree = "<group>"; };
		AE13044821E536D70024B2A1 /* ContentViewController.swift */ = {isa = PBXFileReference; lastKnownFileType = sourcecode.swift; path = ContentViewController.swift; sourceTree = "<group>"; };
		AE13044C21E55DD20024B2A1 /* FileService.swift */ = {isa = PBXFileReference; lastKnownFileType = sourcecode.swift; path = FileService.swift; sourceTree = "<group>"; };
		AE13044E21E565010024B2A1 /* ImagesViewController.swift */ = {isa = PBXFileReference; lastKnownFileType = sourcecode.swift; path = ImagesViewController.swift; sourceTree = "<group>"; };
		AE13045121E5971F0024B2A1 /* ImageCell.swift */ = {isa = PBXFileReference; lastKnownFileType = sourcecode.swift; path = ImageCell.swift; sourceTree = "<group>"; };
		AE13045321E682F40024B2A1 /* VideoService.swift */ = {isa = PBXFileReference; lastKnownFileType = sourcecode.swift; path = VideoService.swift; sourceTree = "<group>"; };
		AE13045521E7C4080024B2A1 /* VideoGenerator.swift */ = {isa = PBXFileReference; lastKnownFileType = sourcecode.swift; path = VideoGenerator.swift; sourceTree = "<group>"; };
		AE13045821E7C8E40024B2A1 /* Scale+UIImage.swift */ = {isa = PBXFileReference; lastKnownFileType = sourcecode.swift; path = "Scale+UIImage.swift"; sourceTree = "<group>"; };
		AE13045B21E91F170024B2A1 /* ContentViewCell.swift */ = {isa = PBXFileReference; lastKnownFileType = sourcecode.swift; path = ContentViewCell.swift; sourceTree = "<group>"; };
		AE13045D21E921E40024B2A1 /* ContentPagerView.swift */ = {isa = PBXFileReference; lastKnownFileType = sourcecode.swift; path = ContentPagerView.swift; sourceTree = "<group>"; };
		AE2B592121EAA13F00BA4203 /* DateHelper.swift */ = {isa = PBXFileReference; lastKnownFileType = sourcecode.swift; path = DateHelper.swift; sourceTree = "<group>"; };
		D86E838C3426E32C5F9DA3EA /* Pods-DailyFace.debug.xcconfig */ = {isa = PBXFileReference; includeInIndex = 1; lastKnownFileType = text.xcconfig; name = "Pods-DailyFace.debug.xcconfig"; path = "Pods/Target Support Files/Pods-DailyFace/Pods-DailyFace.debug.xcconfig"; sourceTree = "<group>"; };
/* End PBXFileReference section */

/* Begin PBXFrameworksBuildPhase section */
		AE0BBFD421E5248E0065F72A /* Frameworks */ = {
			isa = PBXFrameworksBuildPhase;
			buildActionMask = 2147483647;
			files = (
				6819D5A2A716D161353781CC /* Pods_DailyFace.framework in Frameworks */,
			);
			runOnlyForDeploymentPostprocessing = 0;
		};
/* End PBXFrameworksBuildPhase section */

/* Begin PBXGroup section */
		ADD60EE69C88E8895103E556 /* Frameworks */ = {
			isa = PBXGroup;
			children = (
				A8DE616BBA530799E28C8B4C /* Pods_DailyFace.framework */,
			);
			name = Frameworks;
			sourceTree = "<group>";
		};
		AE0BBFCE21E5248E0065F72A = {
			isa = PBXGroup;
			children = (
				AE0BBFD921E5248E0065F72A /* DailyFace */,
				AE0BBFD821E5248E0065F72A /* Products */,
				E60822408C4F45D32F8863B2 /* Pods */,
				ADD60EE69C88E8895103E556 /* Frameworks */,
			);
			sourceTree = "<group>";
		};
		AE0BBFD821E5248E0065F72A /* Products */ = {
			isa = PBXGroup;
			children = (
				AE0BBFD721E5248E0065F72A /* DailyFace.app */,
			);
			name = Products;
			sourceTree = "<group>";
		};
		AE0BBFD921E5248E0065F72A /* DailyFace */ = {
			isa = PBXGroup;
			children = (
				AE13045A21E7D6E00024B2A1 /* Helpers */,
				AE13045721E7C8CE0024B2A1 /* Extensions */,
				AE13045021E5970C0024B2A1 /* Views */,
				AE13044B21E55D940024B2A1 /* Services */,
				AE13044A21E537930024B2A1 /* View Controllers */,
				AE0BBFDA21E5248E0065F72A /* AppDelegate.swift */,
				AE0BBFDE21E5248E0065F72A /* Main.storyboard */,
				AE0BBFE121E5248F0065F72A /* Assets.xcassets */,
				AE0BBFE321E5248F0065F72A /* LaunchScreen.storyboard */,
				AE0BBFE621E5248F0065F72A /* Info.plist */,
			);
			path = DailyFace;
			sourceTree = "<group>";
		};
		AE13044A21E537930024B2A1 /* View Controllers */ = {
			isa = PBXGroup;
			children = (
				AE0BBFDC21E5248E0065F72A /* ViewController.swift */,
				AE13044821E536D70024B2A1 /* ContentViewController.swift */,
				AE13044E21E565010024B2A1 /* ImagesViewController.swift */,
			);
			path = "View Controllers";
			sourceTree = "<group>";
		};
		AE13044B21E55D940024B2A1 /* Services */ = {
			isa = PBXGroup;
			children = (
				AE13044C21E55DD20024B2A1 /* FileService.swift */,
				AE13045321E682F40024B2A1 /* VideoService.swift */,
				AE13045521E7C4080024B2A1 /* VideoGenerator.swift */,
			);
			path = Services;
			sourceTree = "<group>";
		};
		AE13045021E5970C0024B2A1 /* Views */ = {
			isa = PBXGroup;
			children = (
				AE13045121E5971F0024B2A1 /* ImageCell.swift */,
				AE13045B21E91F170024B2A1 /* ContentViewCell.swift */,
				AE13045D21E921E40024B2A1 /* ContentPagerView.swift */,
			);
			path = Views;
			sourceTree = "<group>";
		};
		AE13045721E7C8CE0024B2A1 /* Extensions */ = {
			isa = PBXGroup;
			children = (
				AE13045821E7C8E40024B2A1 /* Scale+UIImage.swift */,
			);
			path = Extensions;
			sourceTree = "<group>";
		};
		AE13045A21E7D6E00024B2A1 /* Helpers */ = {
			isa = PBXGroup;
			children = (
				AE2B592121EAA13F00BA4203 /* DateHelper.swift */,
			);
			path = Helpers;
			sourceTree = "<group>";
		};
		E60822408C4F45D32F8863B2 /* Pods */ = {
			isa = PBXGroup;
			children = (
				D86E838C3426E32C5F9DA3EA /* Pods-DailyFace.debug.xcconfig */,
				70DC1424B13BBF05846505D0 /* Pods-DailyFace.release.xcconfig */,
			);
			name = Pods;
			sourceTree = "<group>";
		};
/* End PBXGroup section */

/* Begin PBXNativeTarget section */
		AE0BBFD621E5248E0065F72A /* DailyFace */ = {
			isa = PBXNativeTarget;
			buildConfigurationList = AE0BBFE921E5248F0065F72A /* Build configuration list for PBXNativeTarget "DailyFace" */;
			buildPhases = (
				56725E1705CE561E1A6A9229 /* [CP] Check Pods Manifest.lock */,
				AE0BBFD321E5248E0065F72A /* Sources */,
				AE0BBFD421E5248E0065F72A /* Frameworks */,
				AE0BBFD521E5248E0065F72A /* Resources */,
				4912779D3ACC33CD1C971310 /* [CP] Embed Pods Frameworks */,
			);
			buildRules = (
			);
			dependencies = (
			);
			name = DailyFace;
			productName = DailyFace;
			productReference = AE0BBFD721E5248E0065F72A /* DailyFace.app */;
			productType = "com.apple.product-type.application";
		};
/* End PBXNativeTarget section */

/* Begin PBXProject section */
		AE0BBFCF21E5248E0065F72A /* Project object */ = {
			isa = PBXProject;
			attributes = {
				LastSwiftUpdateCheck = 1010;
				LastUpgradeCheck = 1010;
				ORGANIZATIONNAME = "Duncan MacDonald";
				TargetAttributes = {
					AE0BBFD621E5248E0065F72A = {
						CreatedOnToolsVersion = 10.1;
					};
				};
			};
			buildConfigurationList = AE0BBFD221E5248E0065F72A /* Build configuration list for PBXProject "DailyFace" */;
			compatibilityVersion = "Xcode 9.3";
			developmentRegion = en;
			hasScannedForEncodings = 0;
			knownRegions = (
				en,
				Base,
			);
			mainGroup = AE0BBFCE21E5248E0065F72A;
			productRefGroup = AE0BBFD821E5248E0065F72A /* Products */;
			projectDirPath = "";
			projectRoot = "";
			targets = (
				AE0BBFD621E5248E0065F72A /* DailyFace */,
			);
		};
/* End PBXProject section */

/* Begin PBXResourcesBuildPhase section */
		AE0BBFD521E5248E0065F72A /* Resources */ = {
			isa = PBXResourcesBuildPhase;
			buildActionMask = 2147483647;
			files = (
				AE0BBFE521E5248F0065F72A /* LaunchScreen.storyboard in Resources */,
				AE0BBFE221E5248F0065F72A /* Assets.xcassets in Resources */,
				AE0BBFE021E5248E0065F72A /* Main.storyboard in Resources */,
			);
			runOnlyForDeploymentPostprocessing = 0;
		};
/* End PBXResourcesBuildPhase section */

/* Begin PBXShellScriptBuildPhase section */
		4912779D3ACC33CD1C971310 /* [CP] Embed Pods Frameworks */ = {
			isa = PBXShellScriptBuildPhase;
			buildActionMask = 2147483647;
			files = (
			);
			inputFileListPaths = (
			);
			inputPaths = (
				"${SRCROOT}/Pods/Target Support Files/Pods-DailyFace/Pods-DailyFace-frameworks.sh",
				"${BUILT_PRODUCTS_DIR}/FSPagerView/FSPagerView.framework",
				"${BUILT_PRODUCTS_DIR}/JGProgressHUD/JGProgressHUD.framework",
				"${BUILT_PRODUCTS_DIR}/Nuke/Nuke.framework",
				"${BUILT_PRODUCTS_DIR}/SwiftVideoGenerator/SwiftVideoGenerator.framework",
			);
			name = "[CP] Embed Pods Frameworks";
			outputFileListPaths = (
			);
			outputPaths = (
				"${TARGET_BUILD_DIR}/${FRAMEWORKS_FOLDER_PATH}/FSPagerView.framework",
				"${TARGET_BUILD_DIR}/${FRAMEWORKS_FOLDER_PATH}/JGProgressHUD.framework",
				"${TARGET_BUILD_DIR}/${FRAMEWORKS_FOLDER_PATH}/Nuke.framework",
				"${TARGET_BUILD_DIR}/${FRAMEWORKS_FOLDER_PATH}/SwiftVideoGenerator.framework",
			);
			runOnlyForDeploymentPostprocessing = 0;
			shellPath = /bin/sh;
			shellScript = "\"${SRCROOT}/Pods/Target Support Files/Pods-DailyFace/Pods-DailyFace-frameworks.sh\"\n";
			showEnvVarsInLog = 0;
		};
		56725E1705CE561E1A6A9229 /* [CP] Check Pods Manifest.lock */ = {
			isa = PBXShellScriptBuildPhase;
			buildActionMask = 2147483647;
			files = (
			);
			inputFileListPaths = (
			);
			inputPaths = (
				"${PODS_PODFILE_DIR_PATH}/Podfile.lock",
				"${PODS_ROOT}/Manifest.lock",
			);
			name = "[CP] Check Pods Manifest.lock";
			outputFileListPaths = (
			);
			outputPaths = (
				"$(DERIVED_FILE_DIR)/Pods-DailyFace-checkManifestLockResult.txt",
			);
			runOnlyForDeploymentPostprocessing = 0;
			shellPath = /bin/sh;
			shellScript = "diff \"${PODS_PODFILE_DIR_PATH}/Podfile.lock\" \"${PODS_ROOT}/Manifest.lock\" > /dev/null\nif [ $? != 0 ] ; then\n    # print error to STDERR\n    echo \"error: The sandbox is not in sync with the Podfile.lock. Run 'pod install' or update your CocoaPods installation.\" >&2\n    exit 1\nfi\n# This output is used by Xcode 'outputs' to avoid re-running this script phase.\necho \"SUCCESS\" > \"${SCRIPT_OUTPUT_FILE_0}\"\n";
			showEnvVarsInLog = 0;
		};
/* End PBXShellScriptBuildPhase section */

/* Begin PBXSourcesBuildPhase section */
		AE0BBFD321E5248E0065F72A /* Sources */ = {
			isa = PBXSourcesBuildPhase;
			buildActionMask = 2147483647;
			files = (
				AE13045421E682F40024B2A1 /* VideoService.swift in Sources */,
				AE13044F21E565010024B2A1 /* ImagesViewController.swift in Sources */,
				AE13045921E7C8E40024B2A1 /* Scale+UIImage.swift in Sources */,
				AE13045E21E921E40024B2A1 /* ContentPagerView.swift in Sources */,
				AE0BBFDD21E5248E0065F72A /* ViewController.swift in Sources */,
				AE13044D21E55DD20024B2A1 /* FileService.swift in Sources */,
				AE13045621E7C4080024B2A1 /* VideoGenerator.swift in Sources */,
				AE13044921E536D70024B2A1 /* ContentViewController.swift in Sources */,
				AE0BBFDB21E5248E0065F72A /* AppDelegate.swift in Sources */,
				AE2B592221EAA13F00BA4203 /* DateHelper.swift in Sources */,
				AE13045221E5971F0024B2A1 /* ImageCell.swift in Sources */,
				AE13045C21E91F170024B2A1 /* ContentViewCell.swift in Sources */,
			);
			runOnlyForDeploymentPostprocessing = 0;
		};
/* End PBXSourcesBuildPhase section */

/* Begin PBXVariantGroup section */
		AE0BBFDE21E5248E0065F72A /* Main.storyboard */ = {
			isa = PBXVariantGroup;
			children = (
				AE0BBFDF21E5248E0065F72A /* Base */,
			);
			name = Main.storyboard;
			sourceTree = "<group>";
		};
		AE0BBFE321E5248F0065F72A /* LaunchScreen.storyboard */ = {
			isa = PBXVariantGroup;
			children = (
				AE0BBFE421E5248F0065F72A /* Base */,
			);
			name = LaunchScreen.storyboard;
			sourceTree = "<group>";
		};
/* End PBXVariantGroup section */

/* Begin XCBuildConfiguration section */
		AE0BBFE721E5248F0065F72A /* Debug */ = {
			isa = XCBuildConfiguration;
			buildSettings = {
				ALWAYS_SEARCH_USER_PATHS = NO;
				CLANG_ANALYZER_NONNULL = YES;
				CLANG_ANALYZER_NUMBER_OBJECT_CONVERSION = YES_AGGRESSIVE;
				CLANG_CXX_LANGUAGE_STANDARD = "gnu++14";
				CLANG_CXX_LIBRARY = "libc++";
				CLANG_ENABLE_MODULES = YES;
				CLANG_ENABLE_OBJC_ARC = YES;
				CLANG_ENABLE_OBJC_WEAK = YES;
				CLANG_WARN_BLOCK_CAPTURE_AUTORELEASING = YES;
				CLANG_WARN_BOOL_CONVERSION = YES;
				CLANG_WARN_COMMA = YES;
				CLANG_WARN_CONSTANT_CONVERSION = YES;
				CLANG_WARN_DEPRECATED_OBJC_IMPLEMENTATIONS = YES;
				CLANG_WARN_DIRECT_OBJC_ISA_USAGE = YES_ERROR;
				CLANG_WARN_DOCUMENTATION_COMMENTS = YES;
				CLANG_WARN_EMPTY_BODY = YES;
				CLANG_WARN_ENUM_CONVERSION = YES;
				CLANG_WARN_INFINITE_RECURSION = YES;
				CLANG_WARN_INT_CONVERSION = YES;
				CLANG_WARN_NON_LITERAL_NULL_CONVERSION = YES;
				CLANG_WARN_OBJC_IMPLICIT_RETAIN_SELF = YES;
				CLANG_WARN_OBJC_LITERAL_CONVERSION = YES;
				CLANG_WARN_OBJC_ROOT_CLASS = YES_ERROR;
				CLANG_WARN_RANGE_LOOP_ANALYSIS = YES;
				CLANG_WARN_STRICT_PROTOTYPES = YES;
				CLANG_WARN_SUSPICIOUS_MOVE = YES;
				CLANG_WARN_UNGUARDED_AVAILABILITY = YES_AGGRESSIVE;
				CLANG_WARN_UNREACHABLE_CODE = YES;
				CLANG_WARN__DUPLICATE_METHOD_MATCH = YES;
				CODE_SIGN_IDENTITY = "iPhone Developer";
				COPY_PHASE_STRIP = NO;
				DEBUG_INFORMATION_FORMAT = dwarf;
				ENABLE_STRICT_OBJC_MSGSEND = YES;
				ENABLE_TESTABILITY = YES;
				GCC_C_LANGUAGE_STANDARD = gnu11;
				GCC_DYNAMIC_NO_PIC = NO;
				GCC_NO_COMMON_BLOCKS = YES;
				GCC_OPTIMIZATION_LEVEL = 0;
				GCC_PREPROCESSOR_DEFINITIONS = (
					"DEBUG=1",
					"$(inherited)",
				);
				GCC_WARN_64_TO_32_BIT_CONVERSION = YES;
				GCC_WARN_ABOUT_RETURN_TYPE = YES_ERROR;
				GCC_WARN_UNDECLARED_SELECTOR = YES;
				GCC_WARN_UNINITIALIZED_AUTOS = YES_AGGRESSIVE;
				GCC_WARN_UNUSED_FUNCTION = YES;
				GCC_WARN_UNUSED_VARIABLE = YES;
				IPHONEOS_DEPLOYMENT_TARGET = 12.1;
				MTL_ENABLE_DEBUG_INFO = INCLUDE_SOURCE;
				MTL_FAST_MATH = YES;
				ONLY_ACTIVE_ARCH = YES;
				SDKROOT = iphoneos;
				SWIFT_ACTIVE_COMPILATION_CONDITIONS = DEBUG;
				SWIFT_OPTIMIZATION_LEVEL = "-Onone";
			};
			name = Debug;
		};
		AE0BBFE821E5248F0065F72A /* Release */ = {
			isa = XCBuildConfiguration;
			buildSettings = {
				ALWAYS_SEARCH_USER_PATHS = NO;
				CLANG_ANALYZER_NONNULL = YES;
				CLANG_ANALYZER_NUMBER_OBJECT_CONVERSION = YES_AGGRESSIVE;
				CLANG_CXX_LANGUAGE_STANDARD = "gnu++14";
				CLANG_CXX_LIBRARY = "libc++";
				CLANG_ENABLE_MODULES = YES;
				CLANG_ENABLE_OBJC_ARC = YES;
				CLANG_ENABLE_OBJC_WEAK = YES;
				CLANG_WARN_BLOCK_CAPTURE_AUTORELEASING = YES;
				CLANG_WARN_BOOL_CONVERSION = YES;
				CLANG_WARN_COMMA = YES;
				CLANG_WARN_CONSTANT_CONVERSION = YES;
				CLANG_WARN_DEPRECATED_OBJC_IMPLEMENTATIONS = YES;
				CLANG_WARN_DIRECT_OBJC_ISA_USAGE = YES_ERROR;
				CLANG_WARN_DOCUMENTATION_COMMENTS = YES;
				CLANG_WARN_EMPTY_BODY = YES;
				CLANG_WARN_ENUM_CONVERSION = YES;
				CLANG_WARN_INFINITE_RECURSION = YES;
				CLANG_WARN_INT_CONVERSION = YES;
				CLANG_WARN_NON_LITERAL_NULL_CONVERSION = YES;
				CLANG_WARN_OBJC_IMPLICIT_RETAIN_SELF = YES;
				CLANG_WARN_OBJC_LITERAL_CONVERSION = YES;
				CLANG_WARN_OBJC_ROOT_CLASS = YES_ERROR;
				CLANG_WARN_RANGE_LOOP_ANALYSIS = YES;
				CLANG_WARN_STRICT_PROTOTYPES = YES;
				CLANG_WARN_SUSPICIOUS_MOVE = YES;
				CLANG_WARN_UNGUARDED_AVAILABILITY = YES_AGGRESSIVE;
				CLANG_WARN_UNREACHABLE_CODE = YES;
				CLANG_WARN__DUPLICATE_METHOD_MATCH = YES;
				CODE_SIGN_IDENTITY = "iPhone Developer";
				COPY_PHASE_STRIP = NO;
				DEBUG_INFORMATION_FORMAT = "dwarf-with-dsym";
				ENABLE_NS_ASSERTIONS = NO;
				ENABLE_STRICT_OBJC_MSGSEND = YES;
				GCC_C_LANGUAGE_STANDARD = gnu11;
				GCC_NO_COMMON_BLOCKS = YES;
				GCC_WARN_64_TO_32_BIT_CONVERSION = YES;
				GCC_WARN_ABOUT_RETURN_TYPE = YES_ERROR;
				GCC_WARN_UNDECLARED_SELECTOR = YES;
				GCC_WARN_UNINITIALIZED_AUTOS = YES_AGGRESSIVE;
				GCC_WARN_UNUSED_FUNCTION = YES;
				GCC_WARN_UNUSED_VARIABLE = YES;
				IPHONEOS_DEPLOYMENT_TARGET = 12.1;
				MTL_ENABLE_DEBUG_INFO = NO;
				MTL_FAST_MATH = YES;
				SDKROOT = iphoneos;
				SWIFT_COMPILATION_MODE = wholemodule;
				SWIFT_OPTIMIZATION_LEVEL = "-O";
				VALIDATE_PRODUCT = YES;
			};
			name = Release;
		};
		AE0BBFEA21E5248F0065F72A /* Debug */ = {
			isa = XCBuildConfiguration;
			baseConfigurationReference = D86E838C3426E32C5F9DA3EA /* Pods-DailyFace.debug.xcconfig */;
			buildSettings = {
				ASSETCATALOG_COMPILER_APPICON_NAME = AppIcon;
				CODE_SIGN_STYLE = Automatic;
				DEVELOPMENT_TEAM = P4PBGN25JV;
				INFOPLIST_FILE = DailyFace/Info.plist;
				LD_RUNPATH_SEARCH_PATHS = (
					"$(inherited)",
					"@executable_path/Frameworks",
				);
				PRODUCT_BUNDLE_IDENTIFIER = us.duncanmacdonald.DailyFace;
				PRODUCT_NAME = "$(TARGET_NAME)";
				SWIFT_VERSION = 4.2;
				TARGETED_DEVICE_FAMILY = "1,2";
			};
			name = Debug;
		};
		AE0BBFEB21E5248F0065F72A /* Release */ = {
			isa = XCBuildConfiguration;
			baseConfigurationReference = 70DC1424B13BBF05846505D0 /* Pods-DailyFace.release.xcconfig */;
			buildSettings = {
				ASSETCATALOG_COMPILER_APPICON_NAME = AppIcon;
				CODE_SIGN_STYLE = Automatic;
				DEVELOPMENT_TEAM = P4PBGN25JV;
				INFOPLIST_FILE = DailyFace/Info.plist;
				LD_RUNPATH_SEARCH_PATHS = (
					"$(inherited)",
					"@executable_path/Frameworks",
				);
				PRODUCT_BUNDLE_IDENTIFIER = us.duncanmacdonald.DailyFace;
				PRODUCT_NAME = "$(TARGET_NAME)";
				SWIFT_VERSION = 4.2;
				TARGETED_DEVICE_FAMILY = "1,2";
			};
			name = Release;
		};
/* End XCBuildConfiguration section */

/* Begin XCConfigurationList section */
		AE0BBFD221E5248E0065F72A /* Build configuration list for PBXProject "DailyFace" */ = {
			isa = XCConfigurationList;
			buildConfigurations = (
				AE0BBFE721E5248F0065F72A /* Debug */,
				AE0BBFE821E5248F0065F72A /* Release */,
			);
			defaultConfigurationIsVisible = 0;
			defaultConfigurationName = Release;
		};
		AE0BBFE921E5248F0065F72A /* Build configuration list for PBXNativeTarget "DailyFace" */ = {
			isa = XCConfigurationList;
			buildConfigurations = (
				AE0BBFEA21E5248F0065F72A /* Debug */,
				AE0BBFEB21E5248F0065F72A /* Release */,
			);
			defaultConfigurationIsVisible = 0;
			defaultConfigurationName = Release;
		};
/* End XCConfigurationList section */
	};
	rootObject = AE0BBFCF21E5248E0065F72A /* Project object */;
}
